
Microsoft Visual Studio Solution File, Format Version 12.00
# Visual Studio Version 17
VisualStudioVersion = 17.1.32407.343
MinimumVisualStudioVersion = 10.0.40219.1
Project("{FAE04EC0-301F-11D3-BF4B-00C04F79EFBC}") = "Watermark", "Watermark\Watermark.csproj", "{2093A448-AF63-413C-A442-5B585D2C1CFE}"
EndProject
Global
	GlobalSection(SolutionConfigurationPlatforms) = preSolution
		Debug|Any CPU = Debug|Any CPU
		Release|Any CPU = Release|Any CPU
	EndGlobalSection
	GlobalSection(ProjectConfigurationPlatforms) = postSolution
		{2093A448-AF63-413C-A442-5B585D2C1CFE}.Debug|Any CPU.ActiveCfg = Debug|Any CPU
		{2093A448-AF63-413C-A442-5B585D2C1CFE}.Debug|Any CPU.Build.0 = Debug|Any CPU
		{2093A448-AF63-413C-A442-5B585D2C1CFE}.Release|Any CPU.ActiveCfg = Release|Any CPU
		{2093A448-AF63-413C-A442-5B585D2C1CFE}.Release|Any CPU.Build.0 = Release|Any CPU
	EndGlobalSection
	GlobalSection(SolutionProperties) = preSolution
		HideSolutionNode = FALSE
	EndGlobalSection
	GlobalSection(ExtensibilityGlobals) = postSolution
		SolutionGuid = {817F5837-B2B5-4F02-815C-22A85BA9790B}
	EndGlobalSection
EndGlobal
